{
  "name": "stackblitz-ripoff",
  "version": "0.0.0",
  "lockfileVersion": 3,
  "requires": true,
  "packages": {
    "": {
      "name": "stackblitz-ripoff",
      "version": "0.0.0",
      "dependencies": {
        "@codingame/esbuild-import-meta-url-plugin": "^1.0.2",
        "@codingame/monaco-vscode-configuration-service-override": "^8.0.4",
        "@codingame/monaco-vscode-css-default-extension": "^8.0.4",
        "@codingame/monaco-vscode-css-language-features-default-extension": "^8.0.4",
        "@codingame/monaco-vscode-explorer-service-override": "^8.0.4",
        "@codingame/monaco-vscode-extensions-service-override": "^8.0.4",
        "@codingame/monaco-vscode-html-default-extension": "^8.0.4",
        "@codingame/monaco-vscode-html-language-features-default-extension": "^8.0.4",
        "@codingame/monaco-vscode-javascript-default-extension": "^8.0.4",
        "@codingame/monaco-vscode-json-default-extension": "^8.0.4",
        "@codingame/monaco-vscode-json-language-features-default-extension": "^8.0.4",
        "@codingame/monaco-vscode-languages-service-override": "^8.0.4",
        "@codingame/monaco-vscode-model-service-override": "^8.0.4",
        "@codingame/monaco-vscode-preferences-service-override": "^8.0.4",
        "@codingame/monaco-vscode-search-service-override": "^8.0.4",
        "@codingame/monaco-vscode-textmate-service-override": "^8.0.4",
        "@codingame/monaco-vscode-theme-defaults-default-extension": "^8.0.4",
        "@codingame/monaco-vscode-theme-service-override": "^8.0.4",
        "@codingame/monaco-vscode-typescript-basics-default-extension": "^8.0.4",
        "@codingame/monaco-vscode-typescript-language-features-default-extension": "^8.0.4",
        "@codingame/monaco-vscode-views-service-override": "^8.0.4",
        "monaco-editor": "npm:@codingame/monaco-vscode-editor-api@^8.0.4",
        "typescript": "^5.5.4",
        "vscode": "npm:@codingame/monaco-vscode-api@^8.0.4"
      },
      "devDependencies": {
        "@types/vscode": "^1.92.0",
        "vite": "^5.4.1"
      }
    },
    "node_modules/@codingame/esbuild-import-meta-url-plugin": {
      "version": "1.0.2",
      "resolved": "https://registry.npmjs.org/@codingame/esbuild-import-meta-url-plugin/-/esbuild-import-meta-url-plugin-1.0.2.tgz",
      "integrity": "sha512-b1PjH6DVdTQd0WLO2R+b9oMlO7REyiAVbcx8weN1ZYiBSROuAy9MJ/j2NI4sxmFv9GK0wM9HRrBg6J2CBZ1xzQ==",
      "license": "ISC",
      "dependencies": {
        "esbuild": ">=0.19.x",
        "import-meta-resolve": "^4.0.0"
      }
    },
    "node_modules/@codingame/monaco-vscode-base-service-override": {
      "version": "8.0.4",
      "resolved": "https://registry.npmjs.org/@codingame/monaco-vscode-base-service-override/-/monaco-vscode-base-service-override-8.0.4.tgz",
      "integrity": "sha512-tTIA68KRYgSPHyanjqTUGQro+t67vShxAGNjM2Iz7dhqMOYZhYA4oIwI4Q0A+QWBC2HKOCNkwFoc5pqconw5YA==",
      "license": "MIT",
      "dependencies": {
        "vscode": "npm:@codingame/monaco-vscode-api@8.0.4"
      }
    },
    "node_modules/@codingame/monaco-vscode-bulk-edit-service-override": {
      "version": "8.0.4",
      "resolved": "https://registry.npmjs.org/@codingame/monaco-vscode-bulk-edit-service-override/-/monaco-vscode-bulk-edit-service-override-8.0.4.tgz",
      "integrity": "sha512-lGQZ/zopaaBqsFapgJy0ikJf6uf3ieXq+bB5Lc5F9j3GYGMt6OraZlpOZMAJJJENV4diBMxY50x8/zmrZ3CE8g==",
      "license": "MIT",
      "dependencies": {
        "vscode": "npm:@codingame/monaco-vscode-api@8.0.4"
      }
    },
    "node_modules/@codingame/monaco-vscode-configuration-service-override": {
      "version": "8.0.4",
      "resolved": "https://registry.npmjs.org/@codingame/monaco-vscode-configuration-service-override/-/monaco-vscode-configuration-service-override-8.0.4.tgz",
      "integrity": "sha512-Fx8wRY3G2s3fpcQWGBMEe7fUmDhPFSkn+b/DwPCTiyo9IX+uKk8w097XjJBwCk0wVHgOcYs4GKPsip5IqJkydw==",
      "license": "MIT",
      "dependencies": {
        "@codingame/monaco-vscode-files-service-override": "8.0.4",
        "vscode": "npm:@codingame/monaco-vscode-api@8.0.4"
      }
    },
    "node_modules/@codingame/monaco-vscode-css-default-extension": {
      "version": "8.0.4",
      "resolved": "https://registry.npmjs.org/@codingame/monaco-vscode-css-default-extension/-/monaco-vscode-css-default-extension-8.0.4.tgz",
      "integrity": "sha512-g+M0KetxlXQVBPZP2Ar68hlNVSqdV0ERkmFScrzc7Y9PdjZ7SEm8Tr+uh6M8lHOcHdbRoLxNFdgikUJWInQ0Tw==",
      "license": "MIT",
      "dependencies": {
        "vscode": "npm:@codingame/monaco-vscode-api@8.0.4"
      }
    },
    "node_modules/@codingame/monaco-vscode-css-language-features-default-extension": {
      "version": "8.0.4",
      "resolved": "https://registry.npmjs.org/@codingame/monaco-vscode-css-language-features-default-extension/-/monaco-vscode-css-language-features-default-extension-8.0.4.tgz",
      "integrity": "sha512-MnHgX3y54JJoDQEyCWKbuprHXzKEWy4oXFVLrBXYXiWvffgFEd72f+7CqRAHHjR73cUxp76Ehg/BjhmUJzWCqw==",
      "license": "MIT",
      "dependencies": {
        "vscode": "npm:@codingame/monaco-vscode-api@8.0.4"
      }
    },
    "node_modules/@codingame/monaco-vscode-environment-service-override": {
      "version": "8.0.4",
      "resolved": "https://registry.npmjs.org/@codingame/monaco-vscode-environment-service-override/-/monaco-vscode-environment-service-override-8.0.4.tgz",
      "integrity": "sha512-3PBqEag0RaACIYiPdtDqxn4BS48yMq1uNCrNYm9E2P1On7JaCLNPHrQfE9Et6HbJT9qPzdcfbD5IwevQbCym5Q==",
      "license": "MIT",
      "dependencies": {
        "vscode": "npm:@codingame/monaco-vscode-api@8.0.4"
      }
    },
    "node_modules/@codingame/monaco-vscode-explorer-service-override": {
      "version": "8.0.4",
      "resolved": "https://registry.npmjs.org/@codingame/monaco-vscode-explorer-service-override/-/monaco-vscode-explorer-service-override-8.0.4.tgz",
      "integrity": "sha512-DQgGlbBAFbZeocpikASUij1qL8cjih0PH4xP46anFpxU0FJEVXodCD/ubyQNMImM5I96CLHUottDDotPA7R/NA==",
      "license": "MIT",
      "dependencies": {
        "vscode": "npm:@codingame/monaco-vscode-api@8.0.4"
      }
    },
    "node_modules/@codingame/monaco-vscode-extensions-service-override": {
      "version": "8.0.4",
      "resolved": "https://registry.npmjs.org/@codingame/monaco-vscode-extensions-service-override/-/monaco-vscode-extensions-service-override-8.0.4.tgz",
      "integrity": "sha512-uEOpSXGxC6W3uaKwj5p+WXsvkVqD1ONDNOCy8ZEHskpkN6KO/0XE927OvpF75JsqXHjNTmstSxTjU9/GykpruA==",
      "license": "MIT",
      "dependencies": {
        "@codingame/monaco-vscode-files-service-override": "8.0.4",
        "vscode": "npm:@codingame/monaco-vscode-api@8.0.4"
      }
    },
    "node_modules/@codingame/monaco-vscode-files-service-override": {
      "version": "8.0.4",
      "resolved": "https://registry.npmjs.org/@codingame/monaco-vscode-files-service-override/-/monaco-vscode-files-service-override-8.0.4.tgz",
      "integrity": "sha512-DCvbxgE6wwOoUsKGlinOB7vYx7HoVUviqWY913Fux4K7/wYWpBcNVtK8kmKs7euPJPeAsl06PJFaXaS3Qjfkqg==",
      "license": "MIT",
      "dependencies": {
        "vscode": "npm:@codingame/monaco-vscode-api@8.0.4"
      }
    },
    "node_modules/@codingame/monaco-vscode-host-service-override": {
      "version": "8.0.4",
      "resolved": "https://registry.npmjs.org/@codingame/monaco-vscode-host-service-override/-/monaco-vscode-host-service-override-8.0.4.tgz",
      "integrity": "sha512-VT8jFmnzMpi6DuSgA8c/F0MVh+fApLH75ledgMqfsKC1vSDOkV0IaPPBHRfPYDPvXCrnOtfdpvP0hFrdg1ytig==",
      "license": "MIT",
      "dependencies": {
        "vscode": "npm:@codingame/monaco-vscode-api@8.0.4"
      }
    },
    "node_modules/@codingame/monaco-vscode-html-default-extension": {
      "version": "8.0.4",
      "resolved": "https://registry.npmjs.org/@codingame/monaco-vscode-html-default-extension/-/monaco-vscode-html-default-extension-8.0.4.tgz",
      "integrity": "sha512-6Ln6EZal3wU3vZ7s4DB9qosdFa3n12Ga1OmfiEiKlgp1zJa+/kqbCRZJfhjerhPnWXhBxxWFwN5VoMUlT8a2+A==",
      "license": "MIT",
      "dependencies": {
        "vscode": "npm:@codingame/monaco-vscode-api@8.0.4"
      }
    },
    "node_modules/@codingame/monaco-vscode-html-language-features-default-extension": {
      "version": "8.0.4",
      "resolved": "https://registry.npmjs.org/@codingame/monaco-vscode-html-language-features-default-extension/-/monaco-vscode-html-language-features-default-extension-8.0.4.tgz",
      "integrity": "sha512-kB6ouDySOhJmXdVAkT4rBUiPdtF8coyYRI02Eg+QpMJB3kZ7i9uTt5v6CO9Yl9vxn8UBd8wPjuFvXUknh5QaVg==",
      "license": "MIT",
      "dependencies": {
        "vscode": "npm:@codingame/monaco-vscode-api@8.0.4"
      }
    },
    "node_modules/@codingame/monaco-vscode-javascript-default-extension": {
      "version": "8.0.4",
      "resolved": "https://registry.npmjs.org/@codingame/monaco-vscode-javascript-default-extension/-/monaco-vscode-javascript-default-extension-8.0.4.tgz",
      "integrity": "sha512-Zb6L/QCisv39YGCsn4ghgQoaO2J/Q1mCln4dQN8L7mDqsi4DbRDJh88JWtbGuWryjaQsLgJbV816RYxHXmEGqg==",
      "license": "MIT",
      "dependencies": {
        "vscode": "npm:@codingame/monaco-vscode-api@8.0.4"
      }
    },
    "node_modules/@codingame/monaco-vscode-json-default-extension": {
      "version": "8.0.4",
      "resolved": "https://registry.npmjs.org/@codingame/monaco-vscode-json-default-extension/-/monaco-vscode-json-default-extension-8.0.4.tgz",
      "integrity": "sha512-WQJaaAJSROCDJdTQpHAnbFH9UziTxb5H9jlcPk8NjCzkcxAMMG0js9z7NrFnYiovSUhNN10/uXtk+JsiDT3q4Q==",
      "license": "MIT",
      "dependencies": {
        "vscode": "npm:@codingame/monaco-vscode-api@8.0.4"
      }
    },
    "node_modules/@codingame/monaco-vscode-json-language-features-default-extension": {
      "version": "8.0.4",
      "resolved": "https://registry.npmjs.org/@codingame/monaco-vscode-json-language-features-default-extension/-/monaco-vscode-json-language-features-default-extension-8.0.4.tgz",
      "integrity": "sha512-Zj6+ca1UvyllcaIcYZzUnvZ3vD1YIbFerixPBwG0KwQqsS+5x2XeKPenb0WZdo3MzO/0y8rTFVP/FOGiVq6r7A==",
      "license": "MIT",
      "dependencies": {
        "vscode": "npm:@codingame/monaco-vscode-api@8.0.4"
      }
    },
    "node_modules/@codingame/monaco-vscode-keybindings-service-override": {
      "version": "8.0.4",
      "resolved": "https://registry.npmjs.org/@codingame/monaco-vscode-keybindings-service-override/-/monaco-vscode-keybindings-service-override-8.0.4.tgz",
      "integrity": "sha512-efT9DeUlF0SucqcnQ0oqd5a2/dy/VHwWRjsVyfPQOEgFDUNx1bSmL8xzNIKN+bsC5MelQt2T8TEy2I4nR25yWg==",
      "license": "MIT",
      "dependencies": {
        "@codingame/monaco-vscode-files-service-override": "8.0.4",
        "vscode": "npm:@codingame/monaco-vscode-api@8.0.4"
      }
    },
    "node_modules/@codingame/monaco-vscode-languages-service-override": {
      "version": "8.0.4",
      "resolved": "https://registry.npmjs.org/@codingame/monaco-vscode-languages-service-override/-/monaco-vscode-languages-service-override-8.0.4.tgz",
      "integrity": "sha512-GXd2fKQa96tNv0gFB3nT/yWUc+4pZM/2L8KcfOOuNRWEOjm9TbOWmNZyWGi2Abf4vAdLNKVtJBX1+SoDkwoQdw==",
      "license": "MIT",
      "dependencies": {
        "@codingame/monaco-vscode-files-service-override": "8.0.4",
        "vscode": "npm:@codingame/monaco-vscode-api@8.0.4"
      }
    },
    "node_modules/@codingame/monaco-vscode-layout-service-override": {
      "version": "8.0.4",
      "resolved": "https://registry.npmjs.org/@codingame/monaco-vscode-layout-service-override/-/monaco-vscode-layout-service-override-8.0.4.tgz",
      "integrity": "sha512-DrF1vRJG8vPOaqC06fu99yjvtIcuTza5vAQdH19FfDi87vyk3BeFsnj7H7Z0fRK/wQigBcNzXYbUkuE93I95IQ==",
      "license": "MIT",
      "dependencies": {
        "vscode": "npm:@codingame/monaco-vscode-api@8.0.4"
      }
    },
    "node_modules/@codingame/monaco-vscode-model-service-override": {
      "version": "8.0.4",
      "resolved": "https://registry.npmjs.org/@codingame/monaco-vscode-model-service-override/-/monaco-vscode-model-service-override-8.0.4.tgz",
      "integrity": "sha512-oynV9SnSE1MfqtVjqDWy/xcmekmAVNzyoqTh6oH3B+Oy/nhPqI6X9yIA0I47u0ncs/wjj3dDVnXOEv2IqJXxZg==",
      "license": "MIT",
      "dependencies": {
        "vscode": "npm:@codingame/monaco-vscode-api@8.0.4"
      }
    },
    "node_modules/@codingame/monaco-vscode-preferences-service-override": {
      "version": "8.0.4",
      "resolved": "https://registry.npmjs.org/@codingame/monaco-vscode-preferences-service-override/-/monaco-vscode-preferences-service-override-8.0.4.tgz",
      "integrity": "sha512-+YSuNsqnEu1dG9O0Qmow4muRxc4VDCEO4z5OPMnJdroAUFRNvIKtZJzVkCASk7qPR8Iuuwf6XjXtQAaEqngE4A==",
      "license": "MIT",
      "dependencies": {
        "vscode": "npm:@codingame/monaco-vscode-api@8.0.4"
      }
    },
    "node_modules/@codingame/monaco-vscode-quickaccess-service-override": {
      "version": "8.0.4",
      "resolved": "https://registry.npmjs.org/@codingame/monaco-vscode-quickaccess-service-override/-/monaco-vscode-quickaccess-service-override-8.0.4.tgz",
      "integrity": "sha512-VXHVKRqtieKf+BTTUwcT++tJEb/k7PI2vLR3Lgsh2t0We7ydPOPLTDA99/Ls3yuM+i6IvKqBXc+WomN8MRS1rw==",
      "license": "MIT",
      "dependencies": {
        "vscode": "npm:@codingame/monaco-vscode-api@8.0.4"
      }
    },
    "node_modules/@codingame/monaco-vscode-search-service-override": {
      "version": "8.0.4",
      "resolved": "https://registry.npmjs.org/@codingame/monaco-vscode-search-service-override/-/monaco-vscode-search-service-override-8.0.4.tgz",
      "integrity": "sha512-ftW45lVaQuypeIXOmvoRiO8PAJBmHkwb0u7ITsBiV6bwPJWwMyCxc32MBEzSxqdgZx8BUzKAUx3BFskrYnViVw==",
      "license": "MIT",
      "dependencies": {
        "vscode": "npm:@codingame/monaco-vscode-api@8.0.4"
      }
    },
    "node_modules/@codingame/monaco-vscode-textmate-service-override": {
      "version": "8.0.4",
      "resolved": "https://registry.npmjs.org/@codingame/monaco-vscode-textmate-service-override/-/monaco-vscode-textmate-service-override-8.0.4.tgz",
      "integrity": "sha512-YDJoXCqnEimotWcqUlzU8bBah3+dqLAcIULJEV07K2DMFkKty78sc6w2CAItIlzmTeJApW2HpTdOgZehYqro3w==",
      "license": "MIT",
      "dependencies": {
        "@codingame/monaco-vscode-files-service-override": "8.0.4",
        "vscode": "npm:@codingame/monaco-vscode-api@8.0.4",
        "vscode-oniguruma": "1.7.0",
        "vscode-textmate": "9.0.0"
      }
    },
    "node_modules/@codingame/monaco-vscode-theme-defaults-default-extension": {
      "version": "8.0.4",
      "resolved": "https://registry.npmjs.org/@codingame/monaco-vscode-theme-defaults-default-extension/-/monaco-vscode-theme-defaults-default-extension-8.0.4.tgz",
      "integrity": "sha512-y2M0i2ZUGdQbbZ5/rfGQzDe0McUWOVDu0HrIBKhGCyVMfeR7nII06jipQD0e/XPY1cmphyi/x1U70AX2msJEQQ==",
      "license": "MIT",
      "dependencies": {
        "vscode": "npm:@codingame/monaco-vscode-api@8.0.4"
      }
    },
    "node_modules/@codingame/monaco-vscode-theme-service-override": {
      "version": "8.0.4",
      "resolved": "https://registry.npmjs.org/@codingame/monaco-vscode-theme-service-override/-/monaco-vscode-theme-service-override-8.0.4.tgz",
      "integrity": "sha512-z2UpL7KQJ/gg1LUP9ya65Qph30bypwiQT+mq9ZM699nQEPpXJ9HGA5AiHE2rf2wlKnbkmis1gdpIXeYQsDLy0g==",
      "license": "MIT",
      "dependencies": {
        "@codingame/monaco-vscode-files-service-override": "8.0.4",
        "vscode": "npm:@codingame/monaco-vscode-api@8.0.4"
      }
    },
    "node_modules/@codingame/monaco-vscode-typescript-basics-default-extension": {
      "version": "8.0.4",
      "resolved": "https://registry.npmjs.org/@codingame/monaco-vscode-typescript-basics-default-extension/-/monaco-vscode-typescript-basics-default-extension-8.0.4.tgz",
      "integrity": "sha512-IDxx+loL2Kf0PfN6qunWZKp+UxJH4PasdZkjtWLXiHuT619XZbhDRfC342u38u/G3h4hZXzXB6iuRyLyWrtd4A==",
      "license": "MIT",
      "dependencies": {
        "vscode": "npm:@codingame/monaco-vscode-api@8.0.4"
      }
    },
    "node_modules/@codingame/monaco-vscode-typescript-language-features-default-extension": {
      "version": "8.0.4",
      "resolved": "https://registry.npmjs.org/@codingame/monaco-vscode-typescript-language-features-default-extension/-/monaco-vscode-typescript-language-features-default-extension-8.0.4.tgz",
      "integrity": "sha512-jsZo7M+vS/a+XPrPFSoNVWb568q/hwzSP6cMWCv3SeAmmaxFNko9pnGdRVrikraJ4U6rpB2eqWRXgnURVdOg5A==",
      "license": "MIT",
      "dependencies": {
        "vscode": "npm:@codingame/monaco-vscode-api@8.0.4"
      }
    },
    "node_modules/@codingame/monaco-vscode-view-common-service-override": {
      "version": "8.0.4",
      "resolved": "https://registry.npmjs.org/@codingame/monaco-vscode-view-common-service-override/-/monaco-vscode-view-common-service-override-8.0.4.tgz",
      "integrity": "sha512-G0yPBIUmO8YDAX0jJCtZjvn5+tdnifQ4lr85S7HsSLtI1De1LhQzloUIP5i1Y/KSKHDy83KpwH8II8oUkvYC2w==",
      "license": "MIT",
      "dependencies": {
        "@codingame/monaco-vscode-bulk-edit-service-override": "8.0.4",
        "vscode": "npm:@codingame/monaco-vscode-api@8.0.4"
      }
    },
    "node_modules/@codingame/monaco-vscode-views-service-override": {
      "version": "8.0.4",
      "resolved": "https://registry.npmjs.org/@codingame/monaco-vscode-views-service-override/-/monaco-vscode-views-service-override-8.0.4.tgz",
      "integrity": "sha512-RKeoxmkoDqDNZ1fUgvwqAigA5u4eST2vdD2egJmD5YEV/S1ofDSUgB3vSWhLNi1RrTAhD2jTYKhQUFBGk/jksw==",
      "license": "MIT",
      "dependencies": {
        "@codingame/monaco-vscode-keybindings-service-override": "8.0.4",
        "@codingame/monaco-vscode-quickaccess-service-override": "8.0.4",
        "@codingame/monaco-vscode-view-common-service-override": "8.0.4",
        "vscode": "npm:@codingame/monaco-vscode-api@8.0.4"
      }
    },
    "node_modules/@esbuild/aix-ppc64": {
      "version": "0.21.5",
      "resolved": "https://registry.npmjs.org/@esbuild/aix-ppc64/-/aix-ppc64-0.21.5.tgz",
      "integrity": "sha512-1SDgH6ZSPTlggy1yI6+Dbkiz8xzpHJEVAlF/AM1tHPLsf5STom9rwtjE4hKAF20FfXXNTFqEYXyJNWh1GiZedQ==",
      "cpu": [
        "ppc64"
      ],
      "license": "MIT",
      "optional": true,
      "os": [
        "aix"
      ],
      "engines": {
        "node": ">=12"
      }
    },
    "node_modules/@esbuild/android-arm": {
      "version": "0.21.5",
      "resolved": "https://registry.npmjs.org/@esbuild/android-arm/-/android-arm-0.21.5.tgz",
      "integrity": "sha512-vCPvzSjpPHEi1siZdlvAlsPxXl7WbOVUBBAowWug4rJHb68Ox8KualB+1ocNvT5fjv6wpkX6o/iEpbDrf68zcg==",
      "cpu": [
        "arm"
      ],
      "license": "MIT",
      "optional": true,
      "os": [
        "android"
      ],
      "engines": {
        "node": ">=12"
      }
    },
    "node_modules/@esbuild/android-arm64": {
      "version": "0.21.5",
      "resolved": "https://registry.npmjs.org/@esbuild/android-arm64/-/android-arm64-0.21.5.tgz",
      "integrity": "sha512-c0uX9VAUBQ7dTDCjq+wdyGLowMdtR/GoC2U5IYk/7D1H1JYC0qseD7+11iMP2mRLN9RcCMRcjC4YMclCzGwS/A==",
      "cpu": [
        "arm64"
      ],
      "license": "MIT",
      "optional": true,
      "os": [
        "android"
      ],
      "engines": {
        "node": ">=12"
      }
    },
    "node_modules/@esbuild/android-x64": {
      "version": "0.21.5",
      "resolved": "https://registry.npmjs.org/@esbuild/android-x64/-/android-x64-0.21.5.tgz",
      "integrity": "sha512-D7aPRUUNHRBwHxzxRvp856rjUHRFW1SdQATKXH2hqA0kAZb1hKmi02OpYRacl0TxIGz/ZmXWlbZgjwWYaCakTA==",
      "cpu": [
        "x64"
      ],
      "license": "MIT",
      "optional": true,
      "os": [
        "android"
      ],
      "engines": {
        "node": ">=12"
      }
    },
    "node_modules/@esbuild/darwin-arm64": {
      "version": "0.21.5",
      "resolved": "https://registry.npmjs.org/@esbuild/darwin-arm64/-/darwin-arm64-0.21.5.tgz",
      "integrity": "sha512-DwqXqZyuk5AiWWf3UfLiRDJ5EDd49zg6O9wclZ7kUMv2WRFr4HKjXp/5t8JZ11QbQfUS6/cRCKGwYhtNAY88kQ==",
      "cpu": [
        "arm64"
      ],
      "license": "MIT",
      "optional": true,
      "os": [
        "darwin"
      ],
      "engines": {
        "node": ">=12"
      }
    },
    "node_modules/@esbuild/darwin-x64": {
      "version": "0.21.5",
      "resolved": "https://registry.npmjs.org/@esbuild/darwin-x64/-/darwin-x64-0.21.5.tgz",
      "integrity": "sha512-se/JjF8NlmKVG4kNIuyWMV/22ZaerB+qaSi5MdrXtd6R08kvs2qCN4C09miupktDitvh8jRFflwGFBQcxZRjbw==",
      "cpu": [
        "x64"
      ],
      "license": "MIT",
      "optional": true,
      "os": [
        "darwin"
      ],
      "engines": {
        "node": ">=12"
      }
    },
    "node_modules/@esbuild/freebsd-arm64": {
      "version": "0.21.5",
      "resolved": "https://registry.npmjs.org/@esbuild/freebsd-arm64/-/freebsd-arm64-0.21.5.tgz",
      "integrity": "sha512-5JcRxxRDUJLX8JXp/wcBCy3pENnCgBR9bN6JsY4OmhfUtIHe3ZW0mawA7+RDAcMLrMIZaf03NlQiX9DGyB8h4g==",
      "cpu": [
        "arm64"
      ],
      "license": "MIT",
      "optional": true,
      "os": [
        "freebsd"
      ],
      "engines": {
        "node": ">=12"
      }
    },
    "node_modules/@esbuild/freebsd-x64": {
      "version": "0.21.5",
      "resolved": "https://registry.npmjs.org/@esbuild/freebsd-x64/-/freebsd-x64-0.21.5.tgz",
      "integrity": "sha512-J95kNBj1zkbMXtHVH29bBriQygMXqoVQOQYA+ISs0/2l3T9/kj42ow2mpqerRBxDJnmkUDCaQT/dfNXWX/ZZCQ==",
      "cpu": [
        "x64"
      ],
      "license": "MIT",
      "optional": true,
      "os": [
        "freebsd"
      ],
      "engines": {
        "node": ">=12"
      }
    },
    "node_modules/@esbuild/linux-arm": {
      "version": "0.21.5",
      "resolved": "https://registry.npmjs.org/@esbuild/linux-arm/-/linux-arm-0.21.5.tgz",
      "integrity": "sha512-bPb5AHZtbeNGjCKVZ9UGqGwo8EUu4cLq68E95A53KlxAPRmUyYv2D6F0uUI65XisGOL1hBP5mTronbgo+0bFcA==",
      "cpu": [
        "arm"
      ],
      "license": "MIT",
      "optional": true,
      "os": [
        "linux"
      ],
      "engines": {
        "node": ">=12"
      }
    },
    "node_modules/@esbuild/linux-arm64": {
      "version": "0.21.5",
      "resolved": "https://registry.npmjs.org/@esbuild/linux-arm64/-/linux-arm64-0.21.5.tgz",
      "integrity": "sha512-ibKvmyYzKsBeX8d8I7MH/TMfWDXBF3db4qM6sy+7re0YXya+K1cem3on9XgdT2EQGMu4hQyZhan7TeQ8XkGp4Q==",
      "cpu": [
        "arm64"
      ],
      "license": "MIT",
      "optional": true,
      "os": [
        "linux"
      ],
      "engines": {
        "node": ">=12"
      }
    },
    "node_modules/@esbuild/linux-ia32": {
      "version": "0.21.5",
      "resolved": "https://registry.npmjs.org/@esbuild/linux-ia32/-/linux-ia32-0.21.5.tgz",
      "integrity": "sha512-YvjXDqLRqPDl2dvRODYmmhz4rPeVKYvppfGYKSNGdyZkA01046pLWyRKKI3ax8fbJoK5QbxblURkwK/MWY18Tg==",
      "cpu": [
        "ia32"
      ],
      "license": "MIT",
      "optional": true,
      "os": [
        "linux"
      ],
      "engines": {
        "node": ">=12"
      }
    },
    "node_modules/@esbuild/linux-loong64": {
      "version": "0.21.5",
      "resolved": "https://registry.npmjs.org/@esbuild/linux-loong64/-/linux-loong64-0.21.5.tgz",
      "integrity": "sha512-uHf1BmMG8qEvzdrzAqg2SIG/02+4/DHB6a9Kbya0XDvwDEKCoC8ZRWI5JJvNdUjtciBGFQ5PuBlpEOXQj+JQSg==",
      "cpu": [
        "loong64"
      ],
      "license": "MIT",
      "optional": true,
      "os": [
        "linux"
      ],
      "engines": {
        "node": ">=12"
      }
    },
    "node_modules/@esbuild/linux-mips64el": {
      "version": "0.21.5",
      "resolved": "https://registry.npmjs.org/@esbuild/linux-mips64el/-/linux-mips64el-0.21.5.tgz",
      "integrity": "sha512-IajOmO+KJK23bj52dFSNCMsz1QP1DqM6cwLUv3W1QwyxkyIWecfafnI555fvSGqEKwjMXVLokcV5ygHW5b3Jbg==",
      "cpu": [
        "mips64el"
      ],
      "license": "MIT",
      "optional": true,
      "os": [
        "linux"
      ],
      "engines": {
        "node": ">=12"
      }
    },
    "node_modules/@esbuild/linux-ppc64": {
      "version": "0.21.5",
      "resolved": "https://registry.npmjs.org/@esbuild/linux-ppc64/-/linux-ppc64-0.21.5.tgz",
      "integrity": "sha512-1hHV/Z4OEfMwpLO8rp7CvlhBDnjsC3CttJXIhBi+5Aj5r+MBvy4egg7wCbe//hSsT+RvDAG7s81tAvpL2XAE4w==",
      "cpu": [
        "ppc64"
      ],
      "license": "MIT",
      "optional": true,
      "os": [
        "linux"
      ],
      "engines": {
        "node": ">=12"
      }
    },
    "node_modules/@esbuild/linux-riscv64": {
      "version": "0.21.5",
      "resolved": "https://registry.npmjs.org/@esbuild/linux-riscv64/-/linux-riscv64-0.21.5.tgz",
      "integrity": "sha512-2HdXDMd9GMgTGrPWnJzP2ALSokE/0O5HhTUvWIbD3YdjME8JwvSCnNGBnTThKGEB91OZhzrJ4qIIxk/SBmyDDA==",
      "cpu": [
        "riscv64"
      ],
      "license": "MIT",
      "optional": true,
      "os": [
        "linux"
      ],
      "engines": {
        "node": ">=12"
      }
    },
    "node_modules/@esbuild/linux-s390x": {
      "version": "0.21.5",
      "resolved": "https://registry.npmjs.org/@esbuild/linux-s390x/-/linux-s390x-0.21.5.tgz",
      "integrity": "sha512-zus5sxzqBJD3eXxwvjN1yQkRepANgxE9lgOW2qLnmr8ikMTphkjgXu1HR01K4FJg8h1kEEDAqDcZQtbrRnB41A==",
      "cpu": [
        "s390x"
      ],
      "license": "MIT",
      "optional": true,
      "os": [
        "linux"
      ],
      "engines": {
        "node": ">=12"
      }
    },
    "node_modules/@esbuild/linux-x64": {
      "version": "0.21.5",
      "resolved": "https://registry.npmjs.org/@esbuild/linux-x64/-/linux-x64-0.21.5.tgz",
      "integrity": "sha512-1rYdTpyv03iycF1+BhzrzQJCdOuAOtaqHTWJZCWvijKD2N5Xu0TtVC8/+1faWqcP9iBCWOmjmhoH94dH82BxPQ==",
      "cpu": [
        "x64"
      ],
      "license": "MIT",
      "optional": true,
      "os": [
        "linux"
      ],
      "engines": {
        "node": ">=12"
      }
    },
    "node_modules/@esbuild/netbsd-x64": {
      "version": "0.21.5",
      "resolved": "https://registry.npmjs.org/@esbuild/netbsd-x64/-/netbsd-x64-0.21.5.tgz",
      "integrity": "sha512-Woi2MXzXjMULccIwMnLciyZH4nCIMpWQAs049KEeMvOcNADVxo0UBIQPfSmxB3CWKedngg7sWZdLvLczpe0tLg==",
      "cpu": [
        "x64"
      ],
      "license": "MIT",
      "optional": true,
      "os": [
        "netbsd"
      ],
      "engines": {
        "node": ">=12"
      }
    },
    "node_modules/@esbuild/openbsd-x64": {
      "version": "0.21.5",
      "resolved": "https://registry.npmjs.org/@esbuild/openbsd-x64/-/openbsd-x64-0.21.5.tgz",
      "integrity": "sha512-HLNNw99xsvx12lFBUwoT8EVCsSvRNDVxNpjZ7bPn947b8gJPzeHWyNVhFsaerc0n3TsbOINvRP2byTZ5LKezow==",
      "cpu": [
        "x64"
      ],
      "license": "MIT",
      "optional": true,
      "os": [
        "openbsd"
      ],
      "engines": {
        "node": ">=12"
      }
    },
    "node_modules/@esbuild/sunos-x64": {
      "version": "0.21.5",
      "resolved": "https://registry.npmjs.org/@esbuild/sunos-x64/-/sunos-x64-0.21.5.tgz",
      "integrity": "sha512-6+gjmFpfy0BHU5Tpptkuh8+uw3mnrvgs+dSPQXQOv3ekbordwnzTVEb4qnIvQcYXq6gzkyTnoZ9dZG+D4garKg==",
      "cpu": [
        "x64"
      ],
      "license": "MIT",
      "optional": true,
      "os": [
        "sunos"
      ],
      "engines": {
        "node": ">=12"
      }
    },
    "node_modules/@esbuild/win32-arm64": {
      "version": "0.21.5",
      "resolved": "https://registry.npmjs.org/@esbuild/win32-arm64/-/win32-arm64-0.21.5.tgz",
      "integrity": "sha512-Z0gOTd75VvXqyq7nsl93zwahcTROgqvuAcYDUr+vOv8uHhNSKROyU961kgtCD1e95IqPKSQKH7tBTslnS3tA8A==",
      "cpu": [
        "arm64"
      ],
      "license": "MIT",
      "optional": true,
      "os": [
        "win32"
      ],
      "engines": {
        "node": ">=12"
      }
    },
    "node_modules/@esbuild/win32-ia32": {
      "version": "0.21.5",
      "resolved": "https://registry.npmjs.org/@esbuild/win32-ia32/-/win32-ia32-0.21.5.tgz",
      "integrity": "sha512-SWXFF1CL2RVNMaVs+BBClwtfZSvDgtL//G/smwAc5oVK/UPu2Gu9tIaRgFmYFFKrmg3SyAjSrElf0TiJ1v8fYA==",
      "cpu": [
        "ia32"
      ],
      "license": "MIT",
      "optional": true,
      "os": [
        "win32"
      ],
      "engines": {
        "node": ">=12"
      }
    },
    "node_modules/@esbuild/win32-x64": {
      "version": "0.21.5",
      "resolved": "https://registry.npmjs.org/@esbuild/win32-x64/-/win32-x64-0.21.5.tgz",
      "integrity": "sha512-tQd/1efJuzPC6rCFwEvLtci/xNFcTZknmXs98FYDfGE4wP9ClFV98nyKrzJKVPMhdDnjzLhdUyMX4PsQAPjwIw==",
      "cpu": [
        "x64"
      ],
      "license": "MIT",
      "optional": true,
      "os": [
        "win32"
      ],
      "engines": {
        "node": ">=12"
      }
    },
    "node_modules/@rollup/rollup-android-arm-eabi": {
      "version": "4.21.2",
      "resolved": "https://registry.npmjs.org/@rollup/rollup-android-arm-eabi/-/rollup-android-arm-eabi-4.21.2.tgz",
      "integrity": "sha512-fSuPrt0ZO8uXeS+xP3b+yYTCBUd05MoSp2N/MFOgjhhUhMmchXlpTQrTpI8T+YAwAQuK7MafsCOxW7VrPMrJcg==",
      "cpu": [
        "arm"
      ],
      "dev": true,
      "license": "MIT",
      "optional": true,
      "os": [
        "android"
      ]
    },
    "node_modules/@rollup/rollup-android-arm64": {
      "version": "4.21.2",
      "resolved": "https://registry.npmjs.org/@rollup/rollup-android-arm64/-/rollup-android-arm64-4.21.2.tgz",
      "integrity": "sha512-xGU5ZQmPlsjQS6tzTTGwMsnKUtu0WVbl0hYpTPauvbRAnmIvpInhJtgjj3mcuJpEiuUw4v1s4BimkdfDWlh7gA==",
      "cpu": [
        "arm64"
      ],
      "dev": true,
      "license": "MIT",
      "optional": true,
      "os": [
        "android"
      ]
    },
    "node_modules/@rollup/rollup-darwin-arm64": {
      "version": "4.21.2",
      "resolved": "https://registry.npmjs.org/@rollup/rollup-darwin-arm64/-/rollup-darwin-arm64-4.21.2.tgz",
      "integrity": "sha512-99AhQ3/ZMxU7jw34Sq8brzXqWH/bMnf7ZVhvLk9QU2cOepbQSVTns6qoErJmSiAvU3InRqC2RRZ5ovh1KN0d0Q==",
      "cpu": [
        "arm64"
      ],
      "dev": true,
      "license": "MIT",
      "optional": true,
      "os": [
        "darwin"
      ]
    },
    "node_modules/@rollup/rollup-darwin-x64": {
      "version": "4.21.2",
      "resolved": "https://registry.npmjs.org/@rollup/rollup-darwin-x64/-/rollup-darwin-x64-4.21.2.tgz",
      "integrity": "sha512-ZbRaUvw2iN/y37x6dY50D8m2BnDbBjlnMPotDi/qITMJ4sIxNY33HArjikDyakhSv0+ybdUxhWxE6kTI4oX26w==",
      "cpu": [
        "x64"
      ],
      "dev": true,
      "license": "MIT",
      "optional": true,
      "os": [
        "darwin"
      ]
    },
    "node_modules/@rollup/rollup-linux-arm-gnueabihf": {
      "version": "4.21.2",
      "resolved": "https://registry.npmjs.org/@rollup/rollup-linux-arm-gnueabihf/-/rollup-linux-arm-gnueabihf-4.21.2.tgz",
      "integrity": "sha512-ztRJJMiE8nnU1YFcdbd9BcH6bGWG1z+jP+IPW2oDUAPxPjo9dverIOyXz76m6IPA6udEL12reYeLojzW2cYL7w==",
      "cpu": [
        "arm"
      ],
      "dev": true,
      "license": "MIT",
      "optional": true,
      "os": [
        "linux"
      ]
    },
    "node_modules/@rollup/rollup-linux-arm-musleabihf": {
      "version": "4.21.2",
      "resolved": "https://registry.npmjs.org/@rollup/rollup-linux-arm-musleabihf/-/rollup-linux-arm-musleabihf-4.21.2.tgz",
      "integrity": "sha512-flOcGHDZajGKYpLV0JNc0VFH361M7rnV1ee+NTeC/BQQ1/0pllYcFmxpagltANYt8FYf9+kL6RSk80Ziwyhr7w==",
      "cpu": [
        "arm"
      ],
      "dev": true,
      "license": "MIT",
      "optional": true,
      "os": [
        "linux"
      ]
    },
    "node_modules/@rollup/rollup-linux-arm64-gnu": {
      "version": "4.21.2",
      "resolved": "https://registry.npmjs.org/@rollup/rollup-linux-arm64-gnu/-/rollup-linux-arm64-gnu-4.21.2.tgz",
      "integrity": "sha512-69CF19Kp3TdMopyteO/LJbWufOzqqXzkrv4L2sP8kfMaAQ6iwky7NoXTp7bD6/irKgknDKM0P9E/1l5XxVQAhw==",
      "cpu": [
        "arm64"
      ],
      "dev": true,
      "license": "MIT",
      "optional": true,
      "os": [
        "linux"
      ]
    },
    "node_modules/@rollup/rollup-linux-arm64-musl": {
      "version": "4.21.2",
      "resolved": "https://registry.npmjs.org/@rollup/rollup-linux-arm64-musl/-/rollup-linux-arm64-musl-4.21.2.tgz",
      "integrity": "sha512-48pD/fJkTiHAZTnZwR0VzHrao70/4MlzJrq0ZsILjLW/Ab/1XlVUStYyGt7tdyIiVSlGZbnliqmult/QGA2O2w==",
      "cpu": [
        "arm64"
      ],
      "dev": true,
      "license": "MIT",
      "optional": true,
      "os": [
        "linux"
      ]
    },
    "node_modules/@rollup/rollup-linux-powerpc64le-gnu": {
      "version": "4.21.2",
      "resolved": "https://registry.npmjs.org/@rollup/rollup-linux-powerpc64le-gnu/-/rollup-linux-powerpc64le-gnu-4.21.2.tgz",
      "integrity": "sha512-cZdyuInj0ofc7mAQpKcPR2a2iu4YM4FQfuUzCVA2u4HI95lCwzjoPtdWjdpDKyHxI0UO82bLDoOaLfpZ/wviyQ==",
      "cpu": [
        "ppc64"
      ],
      "dev": true,
      "license": "MIT",
      "optional": true,
      "os": [
        "linux"
      ]
    },
    "node_modules/@rollup/rollup-linux-riscv64-gnu": {
      "version": "4.21.2",
      "resolved": "https://registry.npmjs.org/@rollup/rollup-linux-riscv64-gnu/-/rollup-linux-riscv64-gnu-4.21.2.tgz",
      "integrity": "sha512-RL56JMT6NwQ0lXIQmMIWr1SW28z4E4pOhRRNqwWZeXpRlykRIlEpSWdsgNWJbYBEWD84eocjSGDu/XxbYeCmwg==",
      "cpu": [
        "riscv64"
      ],
      "dev": true,
      "license": "MIT",
      "optional": true,
      "os": [
        "linux"
      ]
    },
    "node_modules/@rollup/rollup-linux-s390x-gnu": {
      "version": "4.21.2",
      "resolved": "https://registry.npmjs.org/@rollup/rollup-linux-s390x-gnu/-/rollup-linux-s390x-gnu-4.21.2.tgz",
      "integrity": "sha512-PMxkrWS9z38bCr3rWvDFVGD6sFeZJw4iQlhrup7ReGmfn7Oukrr/zweLhYX6v2/8J6Cep9IEA/SmjXjCmSbrMQ==",
      "cpu": [
        "s390x"
      ],
      "dev": true,
      "license": "MIT",
      "optional": true,
      "os": [
        "linux"
      ]
    },
    "node_modules/@rollup/rollup-linux-x64-gnu": {
      "version": "4.21.2",
      "resolved": "https://registry.npmjs.org/@rollup/rollup-linux-x64-gnu/-/rollup-linux-x64-gnu-4.21.2.tgz",
      "integrity": "sha512-B90tYAUoLhU22olrafY3JQCFLnT3NglazdwkHyxNDYF/zAxJt5fJUB/yBoWFoIQ7SQj+KLe3iL4BhOMa9fzgpw==",
      "cpu": [
        "x64"
      ],
      "dev": true,
      "license": "MIT",
      "optional": true,
      "os": [
        "linux"
      ]
    },
    "node_modules/@rollup/rollup-linux-x64-musl": {
      "version": "4.21.2",
      "resolved": "https://registry.npmjs.org/@rollup/rollup-linux-x64-musl/-/rollup-linux-x64-musl-4.21.2.tgz",
      "integrity": "sha512-7twFizNXudESmC9oneLGIUmoHiiLppz/Xs5uJQ4ShvE6234K0VB1/aJYU3f/4g7PhssLGKBVCC37uRkkOi8wjg==",
      "cpu": [
        "x64"
      ],
      "dev": true,
      "license": "MIT",
      "optional": true,
      "os": [
        "linux"
      ]
    },
    "node_modules/@rollup/rollup-win32-arm64-msvc": {
      "version": "4.21.2",
      "resolved": "https://registry.npmjs.org/@rollup/rollup-win32-arm64-msvc/-/rollup-win32-arm64-msvc-4.21.2.tgz",
      "integrity": "sha512-9rRero0E7qTeYf6+rFh3AErTNU1VCQg2mn7CQcI44vNUWM9Ze7MSRS/9RFuSsox+vstRt97+x3sOhEey024FRQ==",
      "cpu": [
        "arm64"
      ],
      "dev": true,
      "license": "MIT",
      "optional": true,
      "os": [
        "win32"
      ]
    },
    "node_modules/@rollup/rollup-win32-ia32-msvc": {
      "version": "4.21.2",
      "resolved": "https://registry.npmjs.org/@rollup/rollup-win32-ia32-msvc/-/rollup-win32-ia32-msvc-4.21.2.tgz",
      "integrity": "sha512-5rA4vjlqgrpbFVVHX3qkrCo/fZTj1q0Xxpg+Z7yIo3J2AilW7t2+n6Q8Jrx+4MrYpAnjttTYF8rr7bP46BPzRw==",
      "cpu": [
        "ia32"
      ],
      "dev": true,
      "license": "MIT",
      "optional": true,
      "os": [
        "win32"
      ]
    },
    "node_modules/@rollup/rollup-win32-x64-msvc": {
      "version": "4.21.2",
      "resolved": "https://registry.npmjs.org/@rollup/rollup-win32-x64-msvc/-/rollup-win32-x64-msvc-4.21.2.tgz",
      "integrity": "sha512-6UUxd0+SKomjdzuAcp+HAmxw1FlGBnl1v2yEPSabtx4lBfdXHDVsW7+lQkgz9cNFJGY3AWR7+V8P5BqkD9L9nA==",
      "cpu": [
        "x64"
      ],
      "dev": true,
      "license": "MIT",
      "optional": true,
      "os": [
        "win32"
      ]
    },
    "node_modules/@types/estree": {
      "version": "1.0.5",
      "resolved": "https://registry.npmjs.org/@types/estree/-/estree-1.0.5.tgz",
      "integrity": "sha512-/kYRxGDLWzHOB7q+wtSUQlFrtcdUccpfy+X+9iMBpHK8QLLhx2wIPYuS5DYtR9Wa/YlZAbIovy7qVdB1Aq6Lyw==",
      "dev": true,
      "license": "MIT"
    },
    "node_modules/@types/vscode": {
      "version": "1.92.0",
      "resolved": "https://registry.npmjs.org/@types/vscode/-/vscode-1.92.0.tgz",
      "integrity": "sha512-DcZoCj17RXlzB4XJ7IfKdPTcTGDLYvTOcTNkvtjXWF+K2TlKzHHkBEXNWQRpBIXixNEUgx39cQeTFunY0E2msw==",
      "dev": true,
      "license": "MIT"
    },
    "node_modules/@vscode/iconv-lite-umd": {
      "version": "0.7.0",
      "resolved": "https://registry.npmjs.org/@vscode/iconv-lite-umd/-/iconv-lite-umd-0.7.0.tgz",
      "integrity": "sha512-bRRFxLfg5dtAyl5XyiVWz/ZBPahpOpPrNYnnHpOpUZvam4tKH35wdhP4Kj6PbM0+KdliOsPzbGWpkxcdpNB/sg==",
      "license": "MIT"
    },
    "node_modules/esbuild": {
      "version": "0.21.5",
      "resolved": "https://registry.npmjs.org/esbuild/-/esbuild-0.21.5.tgz",
      "integrity": "sha512-mg3OPMV4hXywwpoDxu3Qda5xCKQi+vCTZq8S9J/EpkhB2HzKXq4SNFZE3+NK93JYxc8VMSep+lOUSC/RVKaBqw==",
      "hasInstallScript": true,
      "license": "MIT",
      "bin": {
        "esbuild": "bin/esbuild"
      },
      "engines": {
        "node": ">=12"
      },
      "optionalDependencies": {
        "@esbuild/aix-ppc64": "0.21.5",
        "@esbuild/android-arm": "0.21.5",
        "@esbuild/android-arm64": "0.21.5",
        "@esbuild/android-x64": "0.21.5",
        "@esbuild/darwin-arm64": "0.21.5",
        "@esbuild/darwin-x64": "0.21.5",
        "@esbuild/freebsd-arm64": "0.21.5",
        "@esbuild/freebsd-x64": "0.21.5",
        "@esbuild/linux-arm": "0.21.5",
        "@esbuild/linux-arm64": "0.21.5",
        "@esbuild/linux-ia32": "0.21.5",
        "@esbuild/linux-loong64": "0.21.5",
        "@esbuild/linux-mips64el": "0.21.5",
        "@esbuild/linux-ppc64": "0.21.5",
        "@esbuild/linux-riscv64": "0.21.5",
        "@esbuild/linux-s390x": "0.21.5",
        "@esbuild/linux-x64": "0.21.5",
        "@esbuild/netbsd-x64": "0.21.5",
        "@esbuild/openbsd-x64": "0.21.5",
        "@esbuild/sunos-x64": "0.21.5",
        "@esbuild/win32-arm64": "0.21.5",
        "@esbuild/win32-ia32": "0.21.5",
        "@esbuild/win32-x64": "0.21.5"
      }
    },
    "node_modules/fsevents": {
      "version": "2.3.3",
      "resolved": "https://registry.npmjs.org/fsevents/-/fsevents-2.3.3.tgz",
      "integrity": "sha512-5xoDfX+fL7faATnagmWPpbFtwh/R77WmMMqqHGS65C3vvB0YHrgF+B1YmZ3441tMj5n63k0212XNoJwzlhffQw==",
      "dev": true,
      "hasInstallScript": true,
      "license": "MIT",
      "optional": true,
      "os": [
        "darwin"
      ],
      "engines": {
        "node": "^8.16.0 || ^10.6.0 || >=11.0.0"
      }
    },
    "node_modules/import-meta-resolve": {
      "version": "4.1.0",
      "resolved": "https://registry.npmjs.org/import-meta-resolve/-/import-meta-resolve-4.1.0.tgz",
      "integrity": "sha512-I6fiaX09Xivtk+THaMfAwnA3MVA5Big1WHF1Dfx9hFuvNIWpXnorlkzhcQf6ehrqQiiZECRt1poOAkPmer3ruw==",
      "license": "MIT",
      "funding": {
        "type": "github",
        "url": "https://github.com/sponsors/wooorm"
      }
    },
    "node_modules/jschardet": {
      "version": "3.1.3",
      "resolved": "https://registry.npmjs.org/jschardet/-/jschardet-3.1.3.tgz",
      "integrity": "sha512-Q1PKVMK/uu+yjdlobgWIYkUOCR1SqUmW9m/eUJNNj4zI2N12i25v8fYpVf+zCakQeaTdBdhnZTFbVIAVZIVVOg==",
      "license": "LGPL-2.1+",
      "engines": {
        "node": ">=0.1.90"
      }
    },
    "node_modules/monaco-editor": {
      "name": "@codingame/monaco-vscode-editor-api",
      "version": "8.0.4",
      "resolved": "https://registry.npmjs.org/@codingame/monaco-vscode-editor-api/-/monaco-vscode-editor-api-8.0.4.tgz",
      "integrity": "sha512-rKUdFRsnzTV1dj6FL/MD+cBIUAGv9aJNz8bTx4BA5sDK3lDWuifhdCBvk4WZEj6glfXe3sEfGXKy1Vp5btDOJQ==",
      "license": "MIT",
      "dependencies": {
        "vscode": "npm:@codingame/monaco-vscode-api@8.0.4"
      }
    },
    "node_modules/nanoid": {
      "version": "3.3.7",
      "resolved": "https://registry.npmjs.org/nanoid/-/nanoid-3.3.7.tgz",
      "integrity": "sha512-eSRppjcPIatRIMC1U6UngP8XFcz8MQWGQdt1MTBQ7NaAmvXDfvNxbvWV3x2y6CdEUciCSsDHDQZbhYaB8QEo2g==",
      "dev": true,
      "funding": [
        {
          "type": "github",
          "url": "https://github.com/sponsors/ai"
        }
      ],
      "license": "MIT",
      "bin": {
        "nanoid": "bin/nanoid.cjs"
      },
      "engines": {
        "node": "^10 || ^12 || ^13.7 || ^14 || >=15.0.1"
      }
    },
    "node_modules/picocolors": {
      "version": "1.0.1",
      "resolved": "https://registry.npmjs.org/picocolors/-/picocolors-1.0.1.tgz",
      "integrity": "sha512-anP1Z8qwhkbmu7MFP5iTt+wQKXgwzf7zTyGlcdzabySa9vd0Xt392U0rVmz9poOaBj0uHJKyyo9/upk0HrEQew==",
      "dev": true,
      "license": "ISC"
    },
    "node_modules/postcss": {
      "version": "8.4.41",
      "resolved": "https://registry.npmjs.org/postcss/-/postcss-8.4.41.tgz",
      "integrity": "sha512-TesUflQ0WKZqAvg52PWL6kHgLKP6xB6heTOdoYM0Wt2UHyxNa4K25EZZMgKns3BH1RLVbZCREPpLY0rhnNoHVQ==",
      "dev": true,
      "funding": [
        {
          "type": "opencollective",
          "url": "https://opencollective.com/postcss/"
        },
        {
          "type": "tidelift",
          "url": "https://tidelift.com/funding/github/npm/postcss"
        },
        {
          "type": "github",
          "url": "https://github.com/sponsors/ai"
        }
      ],
      "license": "MIT",
      "dependencies": {
        "nanoid": "^3.3.7",
        "picocolors": "^1.0.1",
        "source-map-js": "^1.2.0"
      },
      "engines": {
        "node": "^10 || ^12 || >=14"
      }
    },
    "node_modules/rollup": {
      "version": "4.21.2",
      "resolved": "https://registry.npmjs.org/rollup/-/rollup-4.21.2.tgz",
      "integrity": "sha512-e3TapAgYf9xjdLvKQCkQTnbTKd4a6jwlpQSJJFokHGaX2IVjoEqkIIhiQfqsi0cdwlOD+tQGuOd5AJkc5RngBw==",
      "dev": true,
      "license": "MIT",
      "dependencies": {
        "@types/estree": "1.0.5"
      },
      "bin": {
        "rollup": "dist/bin/rollup"
      },
      "engines": {
        "node": ">=18.0.0",
        "npm": ">=8.0.0"
      },
      "optionalDependencies": {
        "@rollup/rollup-android-arm-eabi": "4.21.2",
        "@rollup/rollup-android-arm64": "4.21.2",
        "@rollup/rollup-darwin-arm64": "4.21.2",
        "@rollup/rollup-darwin-x64": "4.21.2",
        "@rollup/rollup-linux-arm-gnueabihf": "4.21.2",
        "@rollup/rollup-linux-arm-musleabihf": "4.21.2",
        "@rollup/rollup-linux-arm64-gnu": "4.21.2",
        "@rollup/rollup-linux-arm64-musl": "4.21.2",
        "@rollup/rollup-linux-powerpc64le-gnu": "4.21.2",
        "@rollup/rollup-linux-riscv64-gnu": "4.21.2",
        "@rollup/rollup-linux-s390x-gnu": "4.21.2",
        "@rollup/rollup-linux-x64-gnu": "4.21.2",
        "@rollup/rollup-linux-x64-musl": "4.21.2",
        "@rollup/rollup-win32-arm64-msvc": "4.21.2",
        "@rollup/rollup-win32-ia32-msvc": "4.21.2",
        "@rollup/rollup-win32-x64-msvc": "4.21.2",
        "fsevents": "~2.3.2"
      }
    },
    "node_modules/source-map-js": {
      "version": "1.2.0",
      "resolved": "https://registry.npmjs.org/source-map-js/-/source-map-js-1.2.0.tgz",
      "integrity": "sha512-itJW8lvSA0TXEphiRoawsCksnlf8SyvmFzIhltqAHluXd88pkCd+cXJVHTDwdCr0IzwptSm035IHQktUu1QUMg==",
      "dev": true,
      "license": "BSD-3-Clause",
      "engines": {
        "node": ">=0.10.0"
      }
    },
    "node_modules/typescript": {
      "version": "5.5.4",
      "resolved": "https://registry.npmjs.org/typescript/-/typescript-5.5.4.tgz",
      "integrity": "sha512-Mtq29sKDAEYP7aljRgtPOpTvOfbwRWlS6dPRzwjdE+C0R4brX/GUyhHSecbHMFLNBLcJIPt9nl9yG5TZ1weH+Q==",
      "license": "Apache-2.0",
      "bin": {
        "tsc": "bin/tsc",
        "tsserver": "bin/tsserver"
      },
      "engines": {
        "node": ">=14.17"
      }
    },
    "node_modules/vite": {
      "version": "5.4.2",
      "resolved": "https://registry.npmjs.org/vite/-/vite-5.4.2.tgz",
      "integrity": "sha512-dDrQTRHp5C1fTFzcSaMxjk6vdpKvT+2/mIdE07Gw2ykehT49O0z/VHS3zZ8iV/Gh8BJJKHWOe5RjaNrW5xf/GA==",
      "dev": true,
      "license": "MIT",
      "dependencies": {
        "esbuild": "^0.21.3",
        "postcss": "^8.4.41",
        "rollup": "^4.20.0"
      },
      "bin": {
        "vite": "bin/vite.js"
      },
      "engines": {
        "node": "^18.0.0 || >=20.0.0"
      },
      "funding": {
        "url": "https://github.com/vitejs/vite?sponsor=1"
      },
      "optionalDependencies": {
        "fsevents": "~2.3.3"
      },
      "peerDependencies": {
        "@types/node": "^18.0.0 || >=20.0.0",
        "less": "*",
        "lightningcss": "^1.21.0",
        "sass": "*",
        "sass-embedded": "*",
        "stylus": "*",
        "sugarss": "*",
        "terser": "^5.4.0"
      },
      "peerDependenciesMeta": {
        "@types/node": {
          "optional": true
        },
        "less": {
          "optional": true
        },
        "lightningcss": {
          "optional": true
        },
        "sass": {
          "optional": true
        },
        "sass-embedded": {
          "optional": true
        },
        "stylus": {
          "optional": true
        },
        "sugarss": {
          "optional": true
        },
        "terser": {
          "optional": true
        }
      }
    },
    "node_modules/vscode": {
      "name": "@codingame/monaco-vscode-api",
      "version": "8.0.4",
      "resolved": "https://registry.npmjs.org/@codingame/monaco-vscode-api/-/monaco-vscode-api-8.0.4.tgz",
      "integrity": "sha512-qZ+HwIijDvzwwWscMA73y9ARu5zUaENOdzi0jQftJP9j2k96cRghsaCV25OgnmpZ/1BemjB4HhHCcr71Gq+GPQ==",
      "license": "MIT",
      "dependencies": {
        "@codingame/monaco-vscode-base-service-override": "8.0.4",
        "@codingame/monaco-vscode-environment-service-override": "8.0.4",
        "@codingame/monaco-vscode-extensions-service-override": "8.0.4",
        "@codingame/monaco-vscode-files-service-override": "8.0.4",
        "@codingame/monaco-vscode-host-service-override": "8.0.4",
        "@codingame/monaco-vscode-layout-service-override": "8.0.4",
        "@codingame/monaco-vscode-quickaccess-service-override": "8.0.4",
        "@vscode/iconv-lite-umd": "0.7.0",
        "jschardet": "3.1.3"
      }
    },
    "node_modules/vscode-oniguruma": {
      "version": "1.7.0",
      "resolved": "https://registry.npmjs.org/vscode-oniguruma/-/vscode-oniguruma-1.7.0.tgz",
      "integrity": "sha512-L9WMGRfrjOhgHSdOYgCt/yRMsXzLDJSL7BPrOZt73gU0iWO4mpqzqQzOz5srxqTvMBaR0XZTSrVWo4j55Rc6cA==",
      "license": "MIT"
    },
    "node_modules/vscode-textmate": {
      "version": "9.0.0",
      "resolved": "https://registry.npmjs.org/vscode-textmate/-/vscode-textmate-9.0.0.tgz",
      "integrity": "sha512-Cl65diFGxz7gpwbav10HqiY/eVYTO1sjQpmRmV991Bj7wAoOAjGQ97PpQcXorDE2Uc4hnGWLY17xme+5t6MlSg==",
      "license": "MIT"
    }
  }
}
